<?xml version="1.0" encoding="utf-8"?>
<Project ToolsVersion="4.0" xmlns="http://schemas.microsoft.com/developer/msbuild/2003">
  <ItemGroup>
    <Filter Include="Source Files">
      <UniqueIdentifier>{4FC737F1-C7A5-4376-A066-2A32D752A2FF}</UniqueIdentifier>
      <Extensions>cpp;c;cc;cxx;def;odl;idl;hpj;bat;asm;asmx</Extensions>
    </Filter>
    <Filter Include="Header Files">
      <UniqueIdentifier>{93995380-89BD-4b04-88EB-625FBE52EBFB}</UniqueIdentifier>
      <Extensions>h;hh;hpp;hxx;hm;inl;inc;xsd</Extensions>
    </Filter>
    <Filter Include="Resource Files">
      <UniqueIdentifier>{67DA6AB6-F800-4c08-8B7A-83BB121AAD01}</UniqueIdentifier>
      <Extensions>rc;ico;cur;bmp;dlg;rc2;rct;bin;rgs;gif;jpg;jpeg;jpe;resx;tiff;tif;png;wav;mfcribbon-ms</Extensions>
    </Filter>
  </ItemGroup>
  <ItemGroup>
    <Text Include="ReadMe.txt" />
  </ItemGroup>
  <ItemGroup>
    <ClInclude Include="stdafx.h">
      <Filter>Header Files</Filter>
    </ClInclude>
    <ClInclude Include="targetver.h">
      <Filter>Header Files</Filter>
    </ClInclude>
    <ClInclude Include="CollectionTypeStandardOverloads.h">
      <Filter>Header Files</Filter>
    </ClInclude>
    <ClInclude Include="ComparisonGraterLess.h">
      <Filter>Header Files</Filter>
    </ClInclude>
    <ClInclude Include="ConstError.h">
      <Filter>Header Files</Filter>
    </ClInclude>
    <ClInclude Include="CopyCtor.h">
      <Filter>Header Files</Filter>
    </ClInclude>
    <ClInclude Include="Encapsulations.h">
      <Filter>Header Files</Filter>
    </ClInclude>
    <ClInclude Include="FindIf.h">
      <Filter>Header Files</Filter>
    </ClInclude>
    <ClInclude Include="FriendTest.h">
      <Filter>Header Files</Filter>
    </ClInclude>
    <ClInclude Include="LambdaCaptureList.h">
      <Filter>Header Files</Filter>
    </ClInclude>
    <ClInclude Include="LambdaInplaceFuncPointer.h">
      <Filter>Header Files</Filter>
    </ClInclude>
    <ClInclude Include="MutexTest.h">
      <Filter>Header Files</Filter>
    </ClInclude>
    <ClInclude Include="OverLoadIndexOp.h">
      <Filter>Header Files</Filter>
    </ClInclude>
    <ClInclude Include="PostFixPreFixOverload.h">
      <Filter>Header Files</Filter>
    </ClInclude>
    <ClInclude Include="RefConstTest.h">
      <Filter>Header Files</Filter>
    </ClInclude>
    <ClInclude Include="SizeofX.h">
      <Filter>Header Files</Filter>
    </ClInclude>
    <ClInclude Include="SmartPtr1.h">
      <Filter>Header Files</Filter>
    </ClInclude>
    <ClInclude Include="SharedPointerUsage.h">
      <Filter>Header Files</Filter>
    </ClInclude>
    <ClInclude Include="RTTICasting.h">
      <Filter>Header Files</Filter>
    </ClInclude>
    <ClInclude Include="SmartPointerTest.h">
      <Filter>Header Files</Filter>
    </ClInclude>
    <ClInclude Include="BootStrap.h">
      <Filter>Header Files</Filter>
    </ClInclude>
    <ClInclude Include="CopyCTORCalling.h">
      <Filter>Header Files</Filter>
    </ClInclude>
    <ClInclude Include="SetComparison.h">
      <Filter>Header Files</Filter>
    </ClInclude>
    <ClInclude Include="PriorityQueueUsage.h">
      <Filter>Header Files</Filter>
    </ClInclude>
    <ClInclude Include="TimerRelated.h">
      <Filter>Header Files</Filter>
    </ClInclude>
    <ClInclude Include="PaddingCout.h">
      <Filter>Header Files</Filter>
    </ClInclude>
    <ClInclude Include="FactorialRecursion.h">
      <Filter>Header Files</Filter>
    </ClInclude>
    <ClInclude Include="MapFunction.h">
      <Filter>Header Files</Filter>
    </ClInclude>
    <ClInclude Include="AppendCharToString.h">
      <Filter>Header Files</Filter>
    </ClInclude>
    <ClInclude Include="PriorityQueueAsClassMember.h">
      <Filter>Source Files</Filter>
    </ClInclude>
    <ClInclude Include="ArrayToPointerCoversion.h">
      <Filter>Header Files</Filter>
    </ClInclude>
    <ClInclude Include="PostRecursion.h">
      <Filter>Header Files</Filter>
    </ClInclude>
    <ClInclude Include="Compare\SearchPredicateForList.h">
      <Filter>Header Files</Filter>
    </ClInclude>
    <ClInclude Include="Compare\SortPredicateForList.h">
      <Filter>Header Files</Filter>
    </ClInclude>
    <ClInclude Include="Compare\SortPredicateForMap.h">
      <Filter>Header Files</Filter>
    </ClInclude>
    <ClInclude Include="Compare\SortPredicateForSet.h">
      <Filter>Header Files</Filter>
    </ClInclude>
    <ClInclude Include="stringOperation.h">
      <Filter>Header Files</Filter>
    </ClInclude>
    <ClInclude Include="PrintBitsUsingBitSet.h">
      <Filter>Header Files</Filter>
    </ClInclude>
    <ClInclude Include="PrintHexDec.h">
      <Filter>Header Files</Filter>
    </ClInclude>
    <ClInclude Include="PriorityQUsage.h">
      <Filter>Header Files</Filter>
    </ClInclude>
    <ClInclude Include="SetUsage.h">
      <Filter>Header Files</Filter>
    </ClInclude>
    <ClInclude Include="ObjectPoolArc.h">
      <Filter>Header Files</Filter>
    </ClInclude>
    <ClInclude Include="StaticClass.h">
      <Filter>Header Files</Filter>
    </ClInclude>
    <ClInclude Include="ThreadClassMemberWorker.h">
      <Filter>Header Files</Filter>
    </ClInclude>
    <ClInclude Include="ThreadStaticWorker.h">
      <Filter>Header Files</Filter>
    </ClInclude>
    <ClInclude Include="ThreadWorkerGlobal.h">
      <Filter>Header Files</Filter>
    </ClInclude>
    <ClInclude Include="UsingDetach.h">
      <Filter>Header Files</Filter>
    </ClInclude>
    <ClInclude Include="SortMapByValue.h">
      <Filter>Header Files</Filter>
    </ClInclude>
    <ClInclude Include="BlockingQ.h">
      <Filter>Header Files</Filter>
    </ClInclude>
    <ClInclude Include="SyncQ.h">
      <Filter>Header Files</Filter>
    </ClInclude>
    <ClInclude Include="UsingList.h">
      <Filter>Header Files</Filter>
    </ClInclude>
    <ClInclude Include="FactoryCreate.h">
      <Filter>Header Files</Filter>
    </ClInclude>
    <ClInclude Include="AccessorTest.h">
      <Filter>Header Files</Filter>
    </ClInclude>
    <ClInclude Include="PrivateCtor.h">
      <Filter>Header Files</Filter>
    </ClInclude>
    <ClInclude Include="ProtectedCtor.h">
      <Filter>Header Files</Filter>
    </ClInclude>
    <ClInclude Include="OrderOfInit.h">
      <Filter>Header Files</Filter>
    </ClInclude>
    <ClInclude Include="ReaderWriter.h">
      <Filter>Header Files</Filter>
    </ClInclude>
    <ClInclude Include="NullObject.h">
      <Filter>Header Files</Filter>
    </ClInclude>
    <ClInclude Include="RotateMatrix90.h">
      <Filter>Header Files</Filter>
    </ClInclude>
    <ClInclude Include="FindDistinctIsland.h">
      <Filter>Header Files</Filter>
    </ClInclude>
    <ClInclude Include="SearchWordInMatrix.h">
      <Filter>Header Files</Filter>
    </ClInclude>
    <ClInclude Include="SmartPointerArc.h">
      <Filter>Header Files</Filter>
    </ClInclude>
  </ItemGroup>
  <ItemGroup>
    <ClCompile Include="stdafx.cpp">
      <Filter>Source Files</Filter>
    </ClCompile>
    <ClCompile Include="CppProjs.cpp">
      <Filter>Source Files</Filter>
    </ClCompile>
    <ClCompile Include="ConstantPointerTest.h">
      <Filter>Header Files</Filter>
    </ClCompile>
    <ClCompile Include="RunFunctionBeforeMain.h">
      <Filter>Header Files</Filter>
    </ClCompile>
  </ItemGroup>
</Project>